
Microsoft Visual Studio Solution File, Format Version 12.00
# Visual Studio Version 16
VisualStudioVersion = 16.0.32901.82
MinimumVisualStudioVersion = 10.0.40219.1
Project("{FAE04EC0-301F-11D3-BF4B-00C04F79EFBC}") = "WorkingWithFeatureClasses", "WorkingWithFeatureClasses\WorkingWithFeatureClasses.csproj", "{BAC6A273-FF58-4BB6-B226-FD95189E1CD2}"
EndProject
Global
	GlobalSection(SolutionConfigurationPlatforms) = preSolution
		Debug|Any CPU = Debug|Any CPU
		Release|Any CPU = Release|Any CPU
	EndGlobalSection
	GlobalSection(ProjectConfigurationPlatforms) = postSolution
		{BAC6A273-FF58-4BB6-B226-FD95189E1CD2}.Debug|Any CPU.ActiveCfg = Debug|Any CPU
		{BAC6A273-FF58-4BB6-B226-FD95189E1CD2}.Debug|Any CPU.Build.0 = Debug|Any CPU
		{BAC6A273-FF58-4BB6-B226-FD95189E1CD2}.Release|Any CPU.ActiveCfg = Release|Any CPU
		{BAC6A273-FF58-4BB6-B226-FD95189E1CD2}.Release|Any CPU.Build.0 = Release|Any CPU
	EndGlobalSection
	GlobalSection(SolutionProperties) = preSolution
		HideSolutionNode = FALSE
	EndGlobalSection
	GlobalSection(ExtensibilityGlobals) = postSolution
		SolutionGuid = {6C645F63-07FD-49A9-963D-C131DC4AB2F1}
	EndGlobalSection
EndGlobal
